
Microsoft Visual Studio Solution File, Format Version 12.00
# Visual Studio 15
VisualStudioVersion = 15.0.27130.2010
MinimumVisualStudioVersion = 10.0.40219.1
Project("{F184B08F-C81C-45F6-A57F-5ABD9991F28F}") = "E_DATAPARSER", "E_DATAPARSER\E_DATAPARSER.vbproj", "{637BFECA-23E9-4048-BE2A-765AE68B772E}"
EndProject
Project("{F184B08F-C81C-45F6-A57F-5ABD9991F28F}") = "ParserDLL", "ParserDLL\ParserDLL.vbproj", "{DAFD8F3A-CB21-430B-AF29-8393DE47EA7C}"
EndProject
Project("{F184B08F-C81C-45F6-A57F-5ABD9991F28F}") = "ClientDLL", "ClientDLL\ClientDLL.vbproj", "{11AD5352-55F9-49EE-A958-EA6E2D9BF604}"
EndProject
Project("{F184B08F-C81C-45F6-A57F-5ABD9991F28F}") = "ClientDLL_Robinsons_Visa", "ClientDLL_Robinsons_Visa\ClientDLL_Robinsons_Visa.vbproj", "{21EC60A8-7EB9-42E7-B115-D965487B5BC3}"
EndProject
Project("{F184B08F-C81C-45F6-A57F-5ABD9991F28F}") = "ClientDLL_LBPUMID", "ClientDLL_LBPUMID\ClientDLL_LBPUMID.vbproj", "{3B62BD01-995C-454F-81EF-F8FF8321A605}"
EndProject
Project("{F184B08F-C81C-45F6-A57F-5ABD9991F28F}") = "ClientDLL_Metrobank_Yazz", "ClientDLL_Metrobank_Yazz\ClientDLL_Metrobank_Yazz.vbproj", "{78095C9B-5DD7-463D-9983-150E44CBDC7F}"
EndProject
Project("{F184B08F-C81C-45F6-A57F-5ABD9991F28F}") = "PrintDoc", "PrintDoc\PrintDoc.vbproj", "{79751DC0-8D48-4FAB-A9FC-936A26A41D4F}"
EndProject
Project("{F184B08F-C81C-45F6-A57F-5ABD9991F28F}") = "ClientDLL_UBP_Epay", "ClientDLL_UBP_Epay\ClientDLL_UBP_Epay.vbproj", "{42E8F135-979E-4365-B286-096A50E181D8}"
EndProject
Project("{F184B08F-C81C-45F6-A57F-5ABD9991F28F}") = "ClientDLL_UBP_Epay_CardCarrier", "ClientDLL_UBP_Epay_CardCarrier\ClientDLL_UBP_Epay_CardCarrier.vbproj", "{8ABE0650-7D6B-44E3-B551-58CD058B1ACD}"
EndProject
Project("{F184B08F-C81C-45F6-A57F-5ABD9991F28F}") = "ClientDLL_Eastwest_CardCarrier", "ClientDLL_Eastwest_CardCarrier\ClientDLL_Eastwest_CardCarrier.vbproj", "{CDDA6AB0-D3AB-47C6-9FF4-08CE865CDE95}"
EndProject
Project("{F184B08F-C81C-45F6-A57F-5ABD9991F28F}") = "ClientDLL_UBP_DAO", "ClientDLL_UBP_DAO\ClientDLL_UBP_DAO.vbproj", "{FABCA0E6-378C-43C9-BD3C-07C7D41104C8}"
EndProject
Project("{F184B08F-C81C-45F6-A57F-5ABD9991F28F}") = "ClientDLL_Metrobank_Yazz_AR", "ClientDLL_Metrobank_Yazz_AR\ClientDLL_Metrobank_Yazz_AR.vbproj", "{0F8EA2CF-730F-4740-84EA-0A4D25D54A1C}"
EndProject
Project("{F184B08F-C81C-45F6-A57F-5ABD9991F28F}") = "ClientDLL_UBP_Eon", "ClientDLL_UBP_Eon\ClientDLL_UBP_Eon.vbproj", "{CE98E19F-59A6-494C-8166-A78EDEAC5AF3}"
EndProject
Project("{FAE04EC0-301F-11D3-BF4B-00C04F79EFBC}") = "BARCODEDLL", "BARCODEDLL\BARCODEDLL.csproj", "{8E1F49CF-A3C6-4C2B-8E7F-59BDDBF4ECDA}"
EndProject
Project("{FAE04EC0-301F-11D3-BF4B-00C04F79EFBC}") = "PDFPluginInterface", "PDFPluginInterface\PDFPluginInterface.csproj", "{A03ABAB7-33F9-489A-AA36-F17D7AC1C359}"
EndProject
Project("{FAE04EC0-301F-11D3-BF4B-00C04F79EFBC}") = "Utilities", "Utilities\Utilities.csproj", "{01427DAE-37AE-44A8-AAFC-F322315F87C9}"
EndProject
Project("{FAE04EC0-301F-11D3-BF4B-00C04F79EFBC}") = "PDFLibrary", "PDFLibrary\PDFLibrary.csproj", "{6DBF1635-64BB-4BEF-ADD2-5CE187AC8E6C}"
EndProject
Project("{F184B08F-C81C-45F6-A57F-5ABD9991F28F}") = "ClientDLL_Barcode", "ClientDLL_Barcode\ClientDLL_Barcode.vbproj", "{868486D5-7677-4474-BD4D-69D11FF7CB19}"
EndProject
Project("{F184B08F-C81C-45F6-A57F-5ABD9991F28F}") = "ClientDLL_Maybank", "ClientDLL_Maybank\ClientDLL_Maybank.vbproj", "{3BF8E684-9B74-47C8-89A9-B84CCD835FBB}"
EndProject
Project("{F184B08F-C81C-45F6-A57F-5ABD9991F28F}") = "EPDFSharp", "EPDFSharp\EPDFSharp.vbproj", "{B2113B8D-9508-48D9-B6CB-52AC3816A7DB}"
EndProject
Project("{F184B08F-C81C-45F6-A57F-5ABD9991F28F}") = "ClientDLL_RCBC", "ClientDLL_RCBC\ClientDLL_RCBC.vbproj", "{E0F4F3BA-C1DB-4EA4-83F7-CA6BCD6C246E}"
EndProject
Global
	GlobalSection(SolutionConfigurationPlatforms) = preSolution
		Debug|Any CPU = Debug|Any CPU
		Release|Any CPU = Release|Any CPU
	EndGlobalSection
	GlobalSection(ProjectConfigurationPlatforms) = postSolution
		{637BFECA-23E9-4048-BE2A-765AE68B772E}.Debug|Any CPU.ActiveCfg = Debug|Any CPU
		{637BFECA-23E9-4048-BE2A-765AE68B772E}.Debug|Any CPU.Build.0 = Debug|Any CPU
		{637BFECA-23E9-4048-BE2A-765AE68B772E}.Release|Any CPU.ActiveCfg = Release|Any CPU
		{637BFECA-23E9-4048-BE2A-765AE68B772E}.Release|Any CPU.Build.0 = Release|Any CPU
		{DAFD8F3A-CB21-430B-AF29-8393DE47EA7C}.Debug|Any CPU.ActiveCfg = Debug|Any CPU
		{DAFD8F3A-CB21-430B-AF29-8393DE47EA7C}.Debug|Any CPU.Build.0 = Debug|Any CPU
		{DAFD8F3A-CB21-430B-AF29-8393DE47EA7C}.Release|Any CPU.ActiveCfg = Release|Any CPU
		{DAFD8F3A-CB21-430B-AF29-8393DE47EA7C}.Release|Any CPU.Build.0 = Release|Any CPU
		{11AD5352-55F9-49EE-A958-EA6E2D9BF604}.Debug|Any CPU.ActiveCfg = Debug|Any CPU
		{11AD5352-55F9-49EE-A958-EA6E2D9BF604}.Debug|Any CPU.Build.0 = Debug|Any CPU
		{11AD5352-55F9-49EE-A958-EA6E2D9BF604}.Release|Any CPU.ActiveCfg = Release|Any CPU
		{11AD5352-55F9-49EE-A958-EA6E2D9BF604}.Release|Any CPU.Build.0 = Release|Any CPU
		{21EC60A8-7EB9-42E7-B115-D965487B5BC3}.Debug|Any CPU.ActiveCfg = Debug|Any CPU
		{21EC60A8-7EB9-42E7-B115-D965487B5BC3}.Debug|Any CPU.Build.0 = Debug|Any CPU
		{21EC60A8-7EB9-42E7-B115-D965487B5BC3}.Release|Any CPU.ActiveCfg = Release|Any CPU
		{21EC60A8-7EB9-42E7-B115-D965487B5BC3}.Release|Any CPU.Build.0 = Release|Any CPU
		{3B62BD01-995C-454F-81EF-F8FF8321A605}.Debug|Any CPU.ActiveCfg = Debug|Any CPU
		{3B62BD01-995C-454F-81EF-F8FF8321A605}.Debug|Any CPU.Build.0 = Debug|Any CPU
		{3B62BD01-995C-454F-81EF-F8FF8321A605}.Release|Any CPU.ActiveCfg = Release|Any CPU
		{3B62BD01-995C-454F-81EF-F8FF8321A605}.Release|Any CPU.Build.0 = Release|Any CPU
		{78095C9B-5DD7-463D-9983-150E44CBDC7F}.Debug|Any CPU.ActiveCfg = Debug|Any CPU
		{78095C9B-5DD7-463D-9983-150E44CBDC7F}.Debug|Any CPU.Build.0 = Debug|Any CPU
		{78095C9B-5DD7-463D-9983-150E44CBDC7F}.Release|Any CPU.ActiveCfg = Release|Any CPU
		{78095C9B-5DD7-463D-9983-150E44CBDC7F}.Release|Any CPU.Build.0 = Release|Any CPU
		{79751DC0-8D48-4FAB-A9FC-936A26A41D4F}.Debug|Any CPU.ActiveCfg = Debug|Any CPU
		{79751DC0-8D48-4FAB-A9FC-936A26A41D4F}.Debug|Any CPU.Build.0 = Debug|Any CPU
		{79751DC0-8D48-4FAB-A9FC-936A26A41D4F}.Release|Any CPU.ActiveCfg = Release|Any CPU
		{79751DC0-8D48-4FAB-A9FC-936A26A41D4F}.Release|Any CPU.Build.0 = Release|Any CPU
		{42E8F135-979E-4365-B286-096A50E181D8}.Debug|Any CPU.ActiveCfg = Debug|Any CPU
		{42E8F135-979E-4365-B286-096A50E181D8}.Debug|Any CPU.Build.0 = Debug|Any CPU
		{42E8F135-979E-4365-B286-096A50E181D8}.Release|Any CPU.ActiveCfg = Release|Any CPU
		{42E8F135-979E-4365-B286-096A50E181D8}.Release|Any CPU.Build.0 = Release|Any CPU
		{8ABE0650-7D6B-44E3-B551-58CD058B1ACD}.Debug|Any CPU.ActiveCfg = Debug|Any CPU
		{8ABE0650-7D6B-44E3-B551-58CD058B1ACD}.Debug|Any CPU.Build.0 = Debug|Any CPU
		{8ABE0650-7D6B-44E3-B551-58CD058B1ACD}.Release|Any CPU.ActiveCfg = Release|Any CPU
		{8ABE0650-7D6B-44E3-B551-58CD058B1ACD}.Release|Any CPU.Build.0 = Release|Any CPU
		{CDDA6AB0-D3AB-47C6-9FF4-08CE865CDE95}.Debug|Any CPU.ActiveCfg = Debug|Any CPU
		{CDDA6AB0-D3AB-47C6-9FF4-08CE865CDE95}.Debug|Any CPU.Build.0 = Debug|Any CPU
		{CDDA6AB0-D3AB-47C6-9FF4-08CE865CDE95}.Release|Any CPU.ActiveCfg = Release|Any CPU
		{CDDA6AB0-D3AB-47C6-9FF4-08CE865CDE95}.Release|Any CPU.Build.0 = Release|Any CPU
		{FABCA0E6-378C-43C9-BD3C-07C7D41104C8}.Debug|Any CPU.ActiveCfg = Debug|Any CPU
		{FABCA0E6-378C-43C9-BD3C-07C7D41104C8}.Debug|Any CPU.Build.0 = Debug|Any CPU
		{FABCA0E6-378C-43C9-BD3C-07C7D41104C8}.Release|Any CPU.ActiveCfg = Release|Any CPU
		{FABCA0E6-378C-43C9-BD3C-07C7D41104C8}.Release|Any CPU.Build.0 = Release|Any CPU
		{0F8EA2CF-730F-4740-84EA-0A4D25D54A1C}.Debug|Any CPU.ActiveCfg = Debug|Any CPU
		{0F8EA2CF-730F-4740-84EA-0A4D25D54A1C}.Debug|Any CPU.Build.0 = Debug|Any CPU
		{0F8EA2CF-730F-4740-84EA-0A4D25D54A1C}.Release|Any CPU.ActiveCfg = Release|Any CPU
		{0F8EA2CF-730F-4740-84EA-0A4D25D54A1C}.Release|Any CPU.Build.0 = Release|Any CPU
		{CE98E19F-59A6-494C-8166-A78EDEAC5AF3}.Debug|Any CPU.ActiveCfg = Debug|Any CPU
		{CE98E19F-59A6-494C-8166-A78EDEAC5AF3}.Debug|Any CPU.Build.0 = Debug|Any CPU
		{CE98E19F-59A6-494C-8166-A78EDEAC5AF3}.Release|Any CPU.ActiveCfg = Release|Any CPU
		{CE98E19F-59A6-494C-8166-A78EDEAC5AF3}.Release|Any CPU.Build.0 = Release|Any CPU
		{8E1F49CF-A3C6-4C2B-8E7F-59BDDBF4ECDA}.Debug|Any CPU.ActiveCfg = Debug|Any CPU
		{8E1F49CF-A3C6-4C2B-8E7F-59BDDBF4ECDA}.Debug|Any CPU.Build.0 = Debug|Any CPU
		{8E1F49CF-A3C6-4C2B-8E7F-59BDDBF4ECDA}.Release|Any CPU.ActiveCfg = Release|Any CPU
		{8E1F49CF-A3C6-4C2B-8E7F-59BDDBF4ECDA}.Release|Any CPU.Build.0 = Release|Any CPU
		{A03ABAB7-33F9-489A-AA36-F17D7AC1C359}.Debug|Any CPU.ActiveCfg = Debug|Any CPU
		{A03ABAB7-33F9-489A-AA36-F17D7AC1C359}.Debug|Any CPU.Build.0 = Debug|Any CPU
		{A03ABAB7-33F9-489A-AA36-F17D7AC1C359}.Release|Any CPU.ActiveCfg = Release|Any CPU
		{A03ABAB7-33F9-489A-AA36-F17D7AC1C359}.Release|Any CPU.Build.0 = Release|Any CPU
		{01427DAE-37AE-44A8-AAFC-F322315F87C9}.Debug|Any CPU.ActiveCfg = Debug|Any CPU
		{01427DAE-37AE-44A8-AAFC-F322315F87C9}.Debug|Any CPU.Build.0 = Debug|Any CPU
		{01427DAE-37AE-44A8-AAFC-F322315F87C9}.Release|Any CPU.ActiveCfg = Release|Any CPU
		{01427DAE-37AE-44A8-AAFC-F322315F87C9}.Release|Any CPU.Build.0 = Release|Any CPU
		{6DBF1635-64BB-4BEF-ADD2-5CE187AC8E6C}.Debug|Any CPU.ActiveCfg = Debug|Any CPU
		{6DBF1635-64BB-4BEF-ADD2-5CE187AC8E6C}.Debug|Any CPU.Build.0 = Debug|Any CPU
		{6DBF1635-64BB-4BEF-ADD2-5CE187AC8E6C}.Release|Any CPU.ActiveCfg = Release|Any CPU
		{6DBF1635-64BB-4BEF-ADD2-5CE187AC8E6C}.Release|Any CPU.Build.0 = Release|Any CPU
		{868486D5-7677-4474-BD4D-69D11FF7CB19}.Debug|Any CPU.ActiveCfg = Debug|Any CPU
		{868486D5-7677-4474-BD4D-69D11FF7CB19}.Debug|Any CPU.Build.0 = Debug|Any CPU
		{868486D5-7677-4474-BD4D-69D11FF7CB19}.Release|Any CPU.ActiveCfg = Release|Any CPU
		{868486D5-7677-4474-BD4D-69D11FF7CB19}.Release|Any CPU.Build.0 = Release|Any CPU
		{3BF8E684-9B74-47C8-89A9-B84CCD835FBB}.Debug|Any CPU.ActiveCfg = Debug|Any CPU
		{3BF8E684-9B74-47C8-89A9-B84CCD835FBB}.Debug|Any CPU.Build.0 = Debug|Any CPU
		{3BF8E684-9B74-47C8-89A9-B84CCD835FBB}.Release|Any CPU.ActiveCfg = Release|Any CPU
		{3BF8E684-9B74-47C8-89A9-B84CCD835FBB}.Release|Any CPU.Build.0 = Release|Any CPU
		{B2113B8D-9508-48D9-B6CB-52AC3816A7DB}.Debug|Any CPU.ActiveCfg = Debug|Any CPU
		{B2113B8D-9508-48D9-B6CB-52AC3816A7DB}.Debug|Any CPU.Build.0 = Debug|Any CPU
		{B2113B8D-9508-48D9-B6CB-52AC3816A7DB}.Release|Any CPU.ActiveCfg = Release|Any CPU
		{B2113B8D-9508-48D9-B6CB-52AC3816A7DB}.Release|Any CPU.Build.0 = Release|Any CPU
		{E0F4F3BA-C1DB-4EA4-83F7-CA6BCD6C246E}.Debug|Any CPU.ActiveCfg = Debug|Any CPU
		{E0F4F3BA-C1DB-4EA4-83F7-CA6BCD6C246E}.Debug|Any CPU.Build.0 = Debug|Any CPU
		{E0F4F3BA-C1DB-4EA4-83F7-CA6BCD6C246E}.Release|Any CPU.ActiveCfg = Release|Any CPU
		{E0F4F3BA-C1DB-4EA4-83F7-CA6BCD6C246E}.Release|Any CPU.Build.0 = Release|Any CPU
	EndGlobalSection
	GlobalSection(SolutionProperties) = preSolution
		HideSolutionNode = FALSE
	EndGlobalSection
	GlobalSection(ExtensibilityGlobals) = postSolution
		SolutionGuid = {BC3694FE-AA0A-4885-9821-547E0F551675}
	EndGlobalSection
EndGlobal
